// !$*UTF8*$!
{
	archiveVersion = 1;
	classes = {
	};
	objectVersion = 56;
	objects = {

/* Begin PBXBuildFile section */
		D4A16C922DA3177B006C4EF2 /* Fetch_Recipe_AppApp.swift in Sources */ = {isa = PBXBuildFile; fileRef = D4A16C912DA3177B006C4EF2 /* Fetch_Recipe_AppApp.swift */; };
		D4A16C962DA3177D006C4EF2 /* Assets.xcassets in Resources */ = {isa = PBXBuildFile; fileRef = D4A16C952DA3177D006C4EF2 /* Assets.xcassets */; };
		D4A16C992DA3177D006C4EF2 /* Preview Assets.xcassets in Resources */ = {isa = PBXBuildFile; fileRef = D4A16C982DA3177D006C4EF2 /* Preview Assets.xcassets */; };
		D4A16CC02DA31938006C4EF2 /* Recipe.swift in Sources */ = {isa = PBXBuildFile; fileRef = D4A16CBF2DA31938006C4EF2 /* Recipe.swift */; };
		D4A16CC22DA31AE6006C4EF2 /* RecipeService.swift in Sources */ = {isa = PBXBuildFile; fileRef = D4A16CC12DA31AE6006C4EF2 /* RecipeService.swift */; };
		D4A16CC62DA33C60006C4EF2 /* ImageCache.swift in Sources */ = {isa = PBXBuildFile; fileRef = D4A16CC52DA33C60006C4EF2 /* ImageCache.swift */; };
		D4A16CC82DA33F69006C4EF2 /* RecipeViewModel.swift in Sources */ = {isa = PBXBuildFile; fileRef = D4A16CC72DA33F69006C4EF2 /* RecipeViewModel.swift */; };
		D4A16CCF2DA3414C006C4EF2 /* ImageView.swift in Sources */ = {isa = PBXBuildFile; fileRef = D4A16CCE2DA3414C006C4EF2 /* ImageView.swift */; };
		D4A16CD52DA342EC006C4EF2 /* RecipeDetailView.swift in Sources */ = {isa = PBXBuildFile; fileRef = D4A16CD42DA342EC006C4EF2 /* RecipeDetailView.swift */; };
		D4A16CD72DA349CF006C4EF2 /* RecipeGridView.swift in Sources */ = {isa = PBXBuildFile; fileRef = D4A16CD62DA349CF006C4EF2 /* RecipeGridView.swift */; };
		D4A16CD92DA349E0006C4EF2 /* RecipeCard.swift in Sources */ = {isa = PBXBuildFile; fileRef = D4A16CD82DA349E0006C4EF2 /* RecipeCard.swift */; };
		D4A16CDB2DA35866006C4EF2 /* RecipeServiceTests.swift in Sources */ = {isa = PBXBuildFile; fileRef = D4A16CDA2DA35866006C4EF2 /* RecipeServiceTests.swift */; };
		D4A16CDD2DA35883006C4EF2 /* ImageCacheTests.swift in Sources */ = {isa = PBXBuildFile; fileRef = D4A16CDC2DA35883006C4EF2 /* ImageCacheTests.swift */; };
/* End PBXBuildFile section */

/* Begin PBXContainerItemProxy section */
		D4A16C9F2DA3177D006C4EF2 /* PBXContainerItemProxy */ = {
			isa = PBXContainerItemProxy;
			containerPortal = D4A16C862DA3177B006C4EF2 /* Project object */;
			proxyType = 1;
			remoteGlobalIDString = D4A16C8D2DA3177B006C4EF2;
			remoteInfo = "Fetch Recipe App";
		};
/* End PBXContainerItemProxy section */

/* Begin PBXFileReference section */
		D4A16C8E2DA3177B006C4EF2 /* Fetch Recipe App.app */ = {isa = PBXFileReference; explicitFileType = wrapper.application; includeInIndex = 0; path = "Fetch Recipe App.app"; sourceTree = BUILT_PRODUCTS_DIR; };
		D4A16C912DA3177B006C4EF2 /* Fetch_Recipe_AppApp.swift */ = {isa = PBXFileReference; lastKnownFileType = sourcecode.swift; path = Fetch_Recipe_AppApp.swift; sourceTree = "<group>"; };
		D4A16C952DA3177D006C4EF2 /* Assets.xcassets */ = {isa = PBXFileReference; lastKnownFileType = folder.assetcatalog; path = Assets.xcassets; sourceTree = "<group>"; };
		D4A16C982DA3177D006C4EF2 /* Preview Assets.xcassets */ = {isa = PBXFileReference; lastKnownFileType = folder.assetcatalog; path = "Preview Assets.xcassets"; sourceTree = "<group>"; };
		D4A16C9E2DA3177D006C4EF2 /* Fetch Recipe AppTests.xctest */ = {isa = PBXFileReference; explicitFileType = wrapper.cfbundle; includeInIndex = 0; path = "Fetch Recipe AppTests.xctest"; sourceTree = BUILT_PRODUCTS_DIR; };
		D4A16CBF2DA31938006C4EF2 /* Recipe.swift */ = {isa = PBXFileReference; lastKnownFileType = sourcecode.swift; path = Recipe.swift; sourceTree = "<group>"; };
		D4A16CC12DA31AE6006C4EF2 /* RecipeService.swift */ = {isa = PBXFileReference; lastKnownFileType = sourcecode.swift; path = RecipeService.swift; sourceTree = "<group>"; };
		D4A16CC52DA33C60006C4EF2 /* ImageCache.swift */ = {isa = PBXFileReference; lastKnownFileType = sourcecode.swift; path = ImageCache.swift; sourceTree = "<group>"; };
		D4A16CC72DA33F69006C4EF2 /* RecipeViewModel.swift */ = {isa = PBXFileReference; lastKnownFileType = sourcecode.swift; path = RecipeViewModel.swift; sourceTree = "<group>"; };
		D4A16CCE2DA3414C006C4EF2 /* ImageView.swift */ = {isa = PBXFileReference; lastKnownFileType = sourcecode.swift; path = ImageView.swift; sourceTree = "<group>"; };
		D4A16CD42DA342EC006C4EF2 /* RecipeDetailView.swift */ = {isa = PBXFileReference; lastKnownFileType = sourcecode.swift; path = RecipeDetailView.swift; sourceTree = "<group>"; };
		D4A16CD62DA349CF006C4EF2 /* RecipeGridView.swift */ = {isa = PBXFileReference; lastKnownFileType = sourcecode.swift; path = RecipeGridView.swift; sourceTree = "<group>"; };
		D4A16CD82DA349E0006C4EF2 /* RecipeCard.swift */ = {isa = PBXFileReference; lastKnownFileType = sourcecode.swift; path = RecipeCard.swift; sourceTree = "<group>"; };
		D4A16CDA2DA35866006C4EF2 /* RecipeServiceTests.swift */ = {isa = PBXFileReference; lastKnownFileType = sourcecode.swift; path = RecipeServiceTests.swift; sourceTree = "<group>"; };
		D4A16CDC2DA35883006C4EF2 /* ImageCacheTests.swift */ = {isa = PBXFileReference; lastKnownFileType = sourcecode.swift; path = ImageCacheTests.swift; sourceTree = "<group>"; };
/* End PBXFileReference section */

/* Begin PBXFrameworksBuildPhase section */
		D4A16C8B2DA3177B006C4EF2 /* Frameworks */ = {
			isa = PBXFrameworksBuildPhase;
			buildActionMask = 2147483647;
			files = (
			);
			runOnlyForDeploymentPostprocessing = 0;
		};
		D4A16C9B2DA3177D006C4EF2 /* Frameworks */ = {
			isa = PBXFrameworksBuildPhase;
			buildActionMask = 2147483647;
			files = (
			);
			runOnlyForDeploymentPostprocessing = 0;
		};
/* End PBXFrameworksBuildPhase section */

/* Begin PBXGroup section */
		D4A16C852DA3177B006C4EF2 = {
			isa = PBXGroup;
			children = (
				D4A16C902DA3177B006C4EF2 /* Fetch Recipe App */,
				D4A16CA12DA3177D006C4EF2 /* Fetch Recipe AppTests */,
				D4A16C8F2DA3177B006C4EF2 /* Products */,
			);
			sourceTree = "<group>";
		};
		D4A16C8F2DA3177B006C4EF2 /* Products */ = {
			isa = PBXGroup;
			children = (
				D4A16C8E2DA3177B006C4EF2 /* Fetch Recipe App.app */,
				D4A16C9E2DA3177D006C4EF2 /* Fetch Recipe AppTests.xctest */,
			);
			name = Products;
			sourceTree = "<group>";
		};
		D4A16C902DA3177B006C4EF2 /* Fetch Recipe App */ = {
			isa = PBXGroup;
			children = (
				D4A16CCB2DA340CC006C4EF2 /* Widgets */,
				D4A16CC42DA33C4C006C4EF2 /* Utils */,
				D4A16CBE2DA318C1006C4EF2 /* ViewModels */,
				D4A16CBD2DA318BA006C4EF2 /* Views */,
				D4A16CBC2DA318AF006C4EF2 /* Services */,
				D4A16CBB2DA318A1006C4EF2 /* Models */,
				D4A16C912DA3177B006C4EF2 /* Fetch_Recipe_AppApp.swift */,
				D4A16C952DA3177D006C4EF2 /* Assets.xcassets */,
				D4A16C972DA3177D006C4EF2 /* Preview Content */,
			);
			path = "Fetch Recipe App";
			sourceTree = "<group>";
		};
		D4A16C972DA3177D006C4EF2 /* Preview Content */ = {
			isa = PBXGroup;
			children = (
				D4A16C982DA3177D006C4EF2 /* Preview Assets.xcassets */,
			);
			path = "Preview Content";
			sourceTree = "<group>";
		};
		D4A16CA12DA3177D006C4EF2 /* Fetch Recipe AppTests */ = {
			isa = PBXGroup;
			children = (
				D4A16CDA2DA35866006C4EF2 /* RecipeServiceTests.swift */,
				D4A16CDC2DA35883006C4EF2 /* ImageCacheTests.swift */,
			);
			path = "Fetch Recipe AppTests";
			sourceTree = "<group>";
		};
		D4A16CBB2DA318A1006C4EF2 /* Models */ = {
			isa = PBXGroup;
			children = (
				D4A16CBF2DA31938006C4EF2 /* Recipe.swift */,
			);
			path = Models;
			sourceTree = "<group>";
		};
		D4A16CBC2DA318AF006C4EF2 /* Services */ = {
			isa = PBXGroup;
			children = (
				D4A16CC12DA31AE6006C4EF2 /* RecipeService.swift */,
			);
			path = Services;
			sourceTree = "<group>";
		};
		D4A16CBD2DA318BA006C4EF2 /* Views */ = {
			isa = PBXGroup;
			children = (
				D4A16CD42DA342EC006C4EF2 /* RecipeDetailView.swift */,
				D4A16CD62DA349CF006C4EF2 /* RecipeGridView.swift */,
			);
			path = Views;
			sourceTree = "<group>";
		};
		D4A16CBE2DA318C1006C4EF2 /* ViewModels */ = {
			isa = PBXGroup;
			children = (
				D4A16CC72DA33F69006C4EF2 /* RecipeViewModel.swift */,
			);
			path = ViewModels;
			sourceTree = "<group>";
		};
		D4A16CC42DA33C4C006C4EF2 /* Utils */ = {
			isa = PBXGroup;
			children = (
				D4A16CC52DA33C60006C4EF2 /* ImageCache.swift */,
			);
			path = Utils;
			sourceTree = "<group>";
		};
		D4A16CCB2DA340CC006C4EF2 /* Widgets */ = {
			isa = PBXGroup;
			children = (
				D4A16CCE2DA3414C006C4EF2 /* ImageView.swift */,
				D4A16CD82DA349E0006C4EF2 /* RecipeCard.swift */,
			);
			path = Widgets;
			sourceTree = "<group>";
		};
/* End PBXGroup section */

/* Begin PBXNativeTarget section */
		D4A16C8D2DA3177B006C4EF2 /* Fetch Recipe App */ = {
			isa = PBXNativeTarget;
			buildConfigurationList = D4A16CB22DA3177D006C4EF2 /* Build configuration list for PBXNativeTarget "Fetch Recipe App" */;
			buildPhases = (
				D4A16C8A2DA3177B006C4EF2 /* Sources */,
				D4A16C8B2DA3177B006C4EF2 /* Frameworks */,
				D4A16C8C2DA3177B006C4EF2 /* Resources */,
			);
			buildRules = (
			);
			dependencies = (
			);
			name = "Fetch Recipe App";
			productName = "Fetch Recipe App";
			productReference = D4A16C8E2DA3177B006C4EF2 /* Fetch Recipe App.app */;
			productType = "com.apple.product-type.application";
		};
		D4A16C9D2DA3177D006C4EF2 /* Fetch Recipe AppTests */ = {
			isa = PBXNativeTarget;
			buildConfigurationList = D4A16CB52DA3177D006C4EF2 /* Build configuration list for PBXNativeTarget "Fetch Recipe AppTests" */;
			buildPhases = (
				D4A16C9A2DA3177D006C4EF2 /* Sources */,
				D4A16C9B2DA3177D006C4EF2 /* Frameworks */,
				D4A16C9C2DA3177D006C4EF2 /* Resources */,
			);
			buildRules = (
			);
			dependencies = (
				D4A16CA02DA3177D006C4EF2 /* PBXTargetDependency */,
			);
			name = "Fetch Recipe AppTests";
			productName = "Fetch Recipe AppTests";
			productReference = D4A16C9E2DA3177D006C4EF2 /* Fetch Recipe AppTests.xctest */;
			productType = "com.apple.product-type.bundle.unit-test";
		};
/* End PBXNativeTarget section */

/* Begin PBXProject section */
		D4A16C862DA3177B006C4EF2 /* Project object */ = {
			isa = PBXProject;
			attributes = {
				BuildIndependentTargetsInParallel = 1;
				LastSwiftUpdateCheck = 1540;
				LastUpgradeCheck = 1540;
				TargetAttributes = {
					D4A16C8D2DA3177B006C4EF2 = {
						CreatedOnToolsVersion = 15.4;
					};
					D4A16C9D2DA3177D006C4EF2 = {
						CreatedOnToolsVersion = 15.4;
						TestTargetID = D4A16C8D2DA3177B006C4EF2;
					};
				};
			};
			buildConfigurationList = D4A16C892DA3177B006C4EF2 /* Build configuration list for PBXProject "Fetch Recipe App" */;
			compatibilityVersion = "Xcode 14.0";
			developmentRegion = en;
			hasScannedForEncodings = 0;
			knownRegions = (
				en,
				Base,
			);
			mainGroup = D4A16C852DA3177B006C4EF2;
			productRefGroup = D4A16C8F2DA3177B006C4EF2 /* Products */;
			projectDirPath = "";
			projectRoot = "";
			targets = (
				D4A16C8D2DA3177B006C4EF2 /* Fetch Recipe App */,
				D4A16C9D2DA3177D006C4EF2 /* Fetch Recipe AppTests */,
			);
		};
/* End PBXProject section */

/* Begin PBXResourcesBuildPhase section */
		D4A16C8C2DA3177B006C4EF2 /* Resources */ = {
			isa = PBXResourcesBuildPhase;
			buildActionMask = 2147483647;
			files = (
				D4A16C992DA3177D006C4EF2 /* Preview Assets.xcassets in Resources */,
				D4A16C962DA3177D006C4EF2 /* Assets.xcassets in Resources */,
			);
			runOnlyForDeploymentPostprocessing = 0;
		};
		D4A16C9C2DA3177D006C4EF2 /* Resources */ = {
			isa = PBXResourcesBuildPhase;
			buildActionMask = 2147483647;
			files = (
			);
			runOnlyForDeploymentPostprocessing = 0;
		};
/* End PBXResourcesBuildPhase section */

/* Begin PBXSourcesBuildPhase section */
		D4A16C8A2DA3177B006C4EF2 /* Sources */ = {
			isa = PBXSourcesBuildPhase;
			buildActionMask = 2147483647;
			files = (
				D4A16CCF2DA3414C006C4EF2 /* ImageView.swift in Sources */,
				D4A16CD52DA342EC006C4EF2 /* RecipeDetailView.swift in Sources */,
				D4A16CD72DA349CF006C4EF2 /* RecipeGridView.swift in Sources */,
				D4A16CC62DA33C60006C4EF2 /* ImageCache.swift in Sources */,
				D4A16CC02DA31938006C4EF2 /* Recipe.swift in Sources */,
				D4A16C922DA3177B006C4EF2 /* Fetch_Recipe_AppApp.swift in Sources */,
				D4A16CC82DA33F69006C4EF2 /* RecipeViewModel.swift in Sources */,
				D4A16CC22DA31AE6006C4EF2 /* RecipeService.swift in Sources */,
				D4A16CD92DA349E0006C4EF2 /* RecipeCard.swift in Sources */,
			);
			runOnlyForDeploymentPostprocessing = 0;
		};
		D4A16C9A2DA3177D006C4EF2 /* Sources */ = {
			isa = PBXSourcesBuildPhase;
			buildActionMask = 2147483647;
			files = (
				D4A16CDD2DA35883006C4EF2 /* ImageCacheTests.swift in Sources */,
				D4A16CDB2DA35866006C4EF2 /* RecipeServiceTests.swift in Sources */,
			);
			runOnlyForDeploymentPostprocessing = 0;
		};
/* End PBXSourcesBuildPhase section */

/* Begin PBXTargetDependency section */
		D4A16CA02DA3177D006C4EF2 /* PBXTargetDependency */ = {
			isa = PBXTargetDependency;
			target = D4A16C8D2DA3177B006C4EF2 /* Fetch Recipe App */;
			targetProxy = D4A16C9F2DA3177D006C4EF2 /* PBXContainerItemProxy */;
		};
/* End PBXTargetDependency section */

/* Begin XCBuildConfiguration section */
		D4A16CB02DA3177D006C4EF2 /* Debug */ = {
			isa = XCBuildConfiguration;
			buildSettings = {
				ALWAYS_SEARCH_USER_PATHS = NO;
				ASSETCATALOG_COMPILER_GENERATE_SWIFT_ASSET_SYMBOL_EXTENSIONS = YES;
				CLANG_ANALYZER_NONNULL = YES;
				CLANG_ANALYZER_NUMBER_OBJECT_CONVERSION = YES_AGGRESSIVE;
				CLANG_CXX_LANGUAGE_STANDARD = "gnu++20";
				CLANG_ENABLE_MODULES = YES;
				CLANG_ENABLE_OBJC_ARC = YES;
				CLANG_ENABLE_OBJC_WEAK = YES;
				CLANG_WARN_BLOCK_CAPTURE_AUTORELEASING = YES;
				CLANG_WARN_BOOL_CONVERSION = YES;
				CLANG_WARN_COMMA = YES;
				CLANG_WARN_CONSTANT_CONVERSION = YES;
				CLANG_WARN_DEPRECATED_OBJC_IMPLEMENTATIONS = YES;
				CLANG_WARN_DIRECT_OBJC_ISA_USAGE = YES_ERROR;
				CLANG_WARN_DOCUMENTATION_COMMENTS = YES;
				CLANG_WARN_EMPTY_BODY = YES;
				CLANG_WARN_ENUM_CONVERSION = YES;
				CLANG_WARN_INFINITE_RECURSION = YES;
				CLANG_WARN_INT_CONVERSION = YES;
				CLANG_WARN_NON_LITERAL_NULL_CONVERSION = YES;
				CLANG_WARN_OBJC_IMPLICIT_RETAIN_SELF = YES;
				CLANG_WARN_OBJC_LITERAL_CONVERSION = YES;
				CLANG_WARN_OBJC_ROOT_CLASS = YES_ERROR;
				CLANG_WARN_QUOTED_INCLUDE_IN_FRAMEWORK_HEADER = YES;
				CLANG_WARN_RANGE_LOOP_ANALYSIS = YES;
				CLANG_WARN_STRICT_PROTOTYPES = YES;
				CLANG_WARN_SUSPICIOUS_MOVE = YES;
				CLANG_WARN_UNGUARDED_AVAILABILITY = YES_AGGRESSIVE;
				CLANG_WARN_UNREACHABLE_CODE = YES;
				CLANG_WARN__DUPLICATE_METHOD_MATCH = YES;
				COPY_PHASE_STRIP = NO;
				DEBUG_INFORMATION_FORMAT = dwarf;
				ENABLE_STRICT_OBJC_MSGSEND = YES;
				ENABLE_TESTABILITY = YES;
				ENABLE_USER_SCRIPT_SANDBOXING = YES;
				GCC_C_LANGUAGE_STANDARD = gnu17;
				GCC_DYNAMIC_NO_PIC = NO;
				GCC_NO_COMMON_BLOCKS = YES;
				GCC_OPTIMIZATION_LEVEL = 0;
				GCC_PREPROCESSOR_DEFINITIONS = (
					"DEBUG=1",
					"$(inherited)",
				);
				GCC_WARN_64_TO_32_BIT_CONVERSION = YES;
				GCC_WARN_ABOUT_RETURN_TYPE = YES_ERROR;
				GCC_WARN_UNDECLARED_SELECTOR = YES;
				GCC_WARN_UNINITIALIZED_AUTOS = YES_AGGRESSIVE;
				GCC_WARN_UNUSED_FUNCTION = YES;
				GCC_WARN_UNUSED_VARIABLE = YES;
				IPHONEOS_DEPLOYMENT_TARGET = 17.5;
				LOCALIZATION_PREFERS_STRING_CATALOGS = YES;
				MTL_ENABLE_DEBUG_INFO = INCLUDE_SOURCE;
				MTL_FAST_MATH = YES;
				ONLY_ACTIVE_ARCH = YES;
				SDKROOT = iphoneos;
				SWIFT_ACTIVE_COMPILATION_CONDITIONS = "DEBUG $(inherited)";
				SWIFT_OPTIMIZATION_LEVEL = "-Onone";
			};
			name = Debug;
		};
		D4A16CB12DA3177D006C4EF2 /* Release */ = {
			isa = XCBuildConfiguration;
			buildSettings = {
				ALWAYS_SEARCH_USER_PATHS = NO;
				ASSETCATALOG_COMPILER_GENERATE_SWIFT_ASSET_SYMBOL_EXTENSIONS = YES;
				CLANG_ANALYZER_NONNULL = YES;
				CLANG_ANALYZER_NUMBER_OBJECT_CONVERSION = YES_AGGRESSIVE;
				CLANG_CXX_LANGUAGE_STANDARD = "gnu++20";
				CLANG_ENABLE_MODULES = YES;
				CLANG_ENABLE_OBJC_ARC = YES;
				CLANG_ENABLE_OBJC_WEAK = YES;
				CLANG_WARN_BLOCK_CAPTURE_AUTORELEASING = YES;
				CLANG_WARN_BOOL_CONVERSION = YES;
				CLANG_WARN_COMMA = YES;
				CLANG_WARN_CONSTANT_CONVERSION = YES;
				CLANG_WARN_DEPRECATED_OBJC_IMPLEMENTATIONS = YES;
				CLANG_WARN_DIRECT_OBJC_ISA_USAGE = YES_ERROR;
				CLANG_WARN_DOCUMENTATION_COMMENTS = YES;
				CLANG_WARN_EMPTY_BODY = YES;
				CLANG_WARN_ENUM_CONVERSION = YES;
				CLANG_WARN_INFINITE_RECURSION = YES;
				CLANG_WARN_INT_CONVERSION = YES;
				CLANG_WARN_NON_LITERAL_NULL_CONVERSION = YES;
				CLANG_WARN_OBJC_IMPLICIT_RETAIN_SELF = YES;
				CLANG_WARN_OBJC_LITERAL_CONVERSION = YES;
				CLANG_WARN_OBJC_ROOT_CLASS = YES_ERROR;
				CLANG_WARN_QUOTED_INCLUDE_IN_FRAMEWORK_HEADER = YES;
				CLANG_WARN_RANGE_LOOP_ANALYSIS = YES;
				CLANG_WARN_STRICT_PROTOTYPES = YES;
				CLANG_WARN_SUSPICIOUS_MOVE = YES;
				CLANG_WARN_UNGUARDED_AVAILABILITY = YES_AGGRESSIVE;
				CLANG_WARN_UNREACHABLE_CODE = YES;
				CLANG_WARN__DUPLICATE_METHOD_MATCH = YES;
				COPY_PHASE_STRIP = NO;
				DEBUG_INFORMATION_FORMAT = "dwarf-with-dsym";
				ENABLE_NS_ASSERTIONS = NO;
				ENABLE_STRICT_OBJC_MSGSEND = YES;
				ENABLE_USER_SCRIPT_SANDBOXING = YES;
				GCC_C_LANGUAGE_STANDARD = gnu17;
				GCC_NO_COMMON_BLOCKS = YES;
				GCC_WARN_64_TO_32_BIT_CONVERSION = YES;
				GCC_WARN_ABOUT_RETURN_TYPE = YES_ERROR;
				GCC_WARN_UNDECLARED_SELECTOR = YES;
				GCC_WARN_UNINITIALIZED_AUTOS = YES_AGGRESSIVE;
				GCC_WARN_UNUSED_FUNCTION = YES;
				GCC_WARN_UNUSED_VARIABLE = YES;
				IPHONEOS_DEPLOYMENT_TARGET = 17.5;
				LOCALIZATION_PREFERS_STRING_CATALOGS = YES;
				MTL_ENABLE_DEBUG_INFO = NO;
				MTL_FAST_MATH = YES;
				SDKROOT = iphoneos;
				SWIFT_COMPILATION_MODE = wholemodule;
				VALIDATE_PRODUCT = YES;
			};
			name = Release;
		};
		D4A16CB32DA3177D006C4EF2 /* Debug */ = {
			isa = XCBuildConfiguration;
			buildSettings = {
				ASSETCATALOG_COMPILER_APPICON_NAME = AppIcon;
				ASSETCATALOG_COMPILER_GLOBAL_ACCENT_COLOR_NAME = AccentColor;
				CODE_SIGN_STYLE = Automatic;
				CURRENT_PROJECT_VERSION = 1;
				DEVELOPMENT_ASSET_PATHS = "\"Fetch Recipe App/Preview Content\"";
				DEVELOPMENT_TEAM = 8HZ4JS5JCF;
				ENABLE_PREVIEWS = YES;
				GENERATE_INFOPLIST_FILE = YES;
				INFOPLIST_KEY_UIApplicationSceneManifest_Generation = YES;
				INFOPLIST_KEY_UIApplicationSupportsIndirectInputEvents = YES;
				INFOPLIST_KEY_UILaunchScreen_Generation = YES;
				INFOPLIST_KEY_UISupportedInterfaceOrientations_iPad = "UIInterfaceOrientationPortrait UIInterfaceOrientationPortraitUpsideDown UIInterfaceOrientationLandscapeLeft UIInterfaceOrientationLandscapeRight";
				INFOPLIST_KEY_UISupportedInterfaceOrientations_iPhone = "UIInterfaceOrientationPortrait UIInterfaceOrientationLandscapeLeft UIInterfaceOrientationLandscapeRight";
				IPHONEOS_DEPLOYMENT_TARGET = 16.0;
				LD_RUNPATH_SEARCH_PATHS = (
					"$(inherited)",
					"@executable_path/Frameworks",
				);
				MARKETING_VERSION = 1.0;
				PRODUCT_BUNDLE_IDENTIFIER = "test.test.Fetch-Recipe-App";
				PRODUCT_NAME = "$(TARGET_NAME)";
				SWIFT_EMIT_LOC_STRINGS = YES;
				SWIFT_VERSION = 5.0;
				TARGETED_DEVICE_FAMILY = "1,2";
			};
			name = Debug;
		};
		D4A16CB42DA3177D006C4EF2 /* Release */ = {
			isa = XCBuildConfiguration;
			buildSettings = {
				ASSETCATALOG_COMPILER_APPICON_NAME = AppIcon;
				ASSETCATALOG_COMPILER_GLOBAL_ACCENT_COLOR_NAME = AccentColor;
				CODE_SIGN_STYLE = Automatic;
				CURRENT_PROJECT_VERSION = 1;
				DEVELOPMENT_ASSET_PATHS = "\"Fetch Recipe App/Preview Content\"";
				DEVELOPMENT_TEAM = 8HZ4JS5JCF;
				ENABLE_PREVIEWS = YES;
				GENERATE_INFOPLIST_FILE = YES;
				INFOPLIST_KEY_UIApplicationSceneManifest_Generation = YES;
				INFOPLIST_KEY_UIApplicationSupportsIndirectInputEvents = YES;
				INFOPLIST_KEY_UILaunchScreen_Generation = YES;
				INFOPLIST_KEY_UISupportedInterfaceOrientations_iPad = "UIInterfaceOrientationPortrait UIInterfaceOrientationPortraitUpsideDown UIInterfaceOrientationLandscapeLeft UIInterfaceOrientationLandscapeRight";
				INFOPLIST_KEY_UISupportedInterfaceOrientations_iPhone = "UIInterfaceOrientationPortrait UIInterfaceOrientationLandscapeLeft UIInterfaceOrientationLandscapeRight";
				IPHONEOS_DEPLOYMENT_TARGET = 16.0;
				LD_RUNPATH_SEARCH_PATHS = (
					"$(inherited)",
					"@executable_path/Frameworks",
				);
				MARKETING_VERSION = 1.0;
				PRODUCT_BUNDLE_IDENTIFIER = "test.test.Fetch-Recipe-App";
				PRODUCT_NAME = "$(TARGET_NAME)";
				SWIFT_EMIT_LOC_STRINGS = YES;
				SWIFT_VERSION = 5.0;
				TARGETED_DEVICE_FAMILY = "1,2";
			};
			name = Release;
		};
		D4A16CB62DA3177D006C4EF2 /* Debug */ = {
			isa = XCBuildConfiguration;
			buildSettings = {
				ALWAYS_EMBED_SWIFT_STANDARD_LIBRARIES = YES;
				BUNDLE_LOADER = "$(TEST_HOST)";
				CODE_SIGN_STYLE = Automatic;
				CURRENT_PROJECT_VERSION = 1;
				DEVELOPMENT_TEAM = 8HZ4JS5JCF;
				GENERATE_INFOPLIST_FILE = YES;
				IPHONEOS_DEPLOYMENT_TARGET = 17.5;
				MARKETING_VERSION = 1.0;
				PRODUCT_BUNDLE_IDENTIFIER = "test.test.Fetch-Recipe-AppTests";
				PRODUCT_NAME = "$(TARGET_NAME)";
				SWIFT_EMIT_LOC_STRINGS = NO;
				SWIFT_VERSION = 5.0;
				TARGETED_DEVICE_FAMILY = "1,2";
				TEST_HOST = "$(BUILT_PRODUCTS_DIR)/Fetch Recipe App.app/$(BUNDLE_EXECUTABLE_FOLDER_PATH)/Fetch Recipe App";
			};
			name = Debug;
		};
		D4A16CB72DA3177D006C4EF2 /* Release */ = {
			isa = XCBuildConfiguration;
			buildSettings = {
				ALWAYS_EMBED_SWIFT_STANDARD_LIBRARIES = YES;
				BUNDLE_LOADER = "$(TEST_HOST)";
				CODE_SIGN_STYLE = Automatic;
				CURRENT_PROJECT_VERSION = 1;
				DEVELOPMENT_TEAM = 8HZ4JS5JCF;
				GENERATE_INFOPLIST_FILE = YES;
				IPHONEOS_DEPLOYMENT_TARGET = 17.5;
				MARKETING_VERSION = 1.0;
				PRODUCT_BUNDLE_IDENTIFIER = "test.test.Fetch-Recipe-AppTests";
				PRODUCT_NAME = "$(TARGET_NAME)";
				SWIFT_EMIT_LOC_STRINGS = NO;
				SWIFT_VERSION = 5.0;
				TARGETED_DEVICE_FAMILY = "1,2";
				TEST_HOST = "$(BUILT_PRODUCTS_DIR)/Fetch Recipe App.app/$(BUNDLE_EXECUTABLE_FOLDER_PATH)/Fetch Recipe App";
			};
			name = Release;
		};
/* End XCBuildConfiguration section */

/* Begin XCConfigurationList section */
		D4A16C892DA3177B006C4EF2 /* Build configuration list for PBXProject "Fetch Recipe App" */ = {
			isa = XCConfigurationList;
			buildConfigurations = (
				D4A16CB02DA3177D006C4EF2 /* Debug */,
				D4A16CB12DA3177D006C4EF2 /* Release */,
			);
			defaultConfigurationIsVisible = 0;
			defaultConfigurationName = Release;
		};
		D4A16CB22DA3177D006C4EF2 /* Build configuration list for PBXNativeTarget "Fetch Recipe App" */ = {
			isa = XCConfigurationList;
			buildConfigurations = (
				D4A16CB32DA3177D006C4EF2 /* Debug */,
				D4A16CB42DA3177D006C4EF2 /* Release */,
			);
			defaultConfigurationIsVisible = 0;
			defaultConfigurationName = Release;
		};
		D4A16CB52DA3177D006C4EF2 /* Build configuration list for PBXNativeTarget "Fetch Recipe AppTests" */ = {
			isa = XCConfigurationList;
			buildConfigurations = (
				D4A16CB62DA3177D006C4EF2 /* Debug */,
				D4A16CB72DA3177D006C4EF2 /* Release */,
			);
			defaultConfigurationIsVisible = 0;
			defaultConfigurationName = Release;
		};
/* End XCConfigurationList section */
	};
	rootObject = D4A16C862DA3177B006C4EF2 /* Project object */;
}
